
Microsoft Visual Studio Solution File, Format Version 12.00
# Visual Studio Version 17
VisualStudioVersion = 17.14.36518.9 d17.14
MinimumVisualStudioVersion = 10.0.40219.1
Project("{FAE04EC0-301F-11D3-BF4B-00C04F79EFBC}") = "HW04", "HW04.csproj", "{761E7B9D-2FEA-4C8F-B552-F3C2E3C0E15A}"
EndProject
Global
	GlobalSection(SolutionConfigurationPlatforms) = preSolution
		Debug|Any CPU = Debug|Any CPU
		Release|Any CPU = Release|Any CPU
	EndGlobalSection
	GlobalSection(ProjectConfigurationPlatforms) = postSolution
		{761E7B9D-2FEA-4C8F-B552-F3C2E3C0E15A}.Debug|Any CPU.ActiveCfg = Debug|Any CPU
		{761E7B9D-2FEA-4C8F-B552-F3C2E3C0E15A}.Debug|Any CPU.Build.0 = Debug|Any CPU
		{761E7B9D-2FEA-4C8F-B552-F3C2E3C0E15A}.Release|Any CPU.ActiveCfg = Release|Any CPU
		{761E7B9D-2FEA-4C8F-B552-F3C2E3C0E15A}.Release|Any CPU.Build.0 = Release|Any CPU
	EndGlobalSection
	GlobalSection(SolutionProperties) = preSolution
		HideSolutionNode = FALSE
	EndGlobalSection
	GlobalSection(ExtensibilityGlobals) = postSolution
		SolutionGuid = {5AE42A4A-2691-4285-998F-55429390E16C}
	EndGlobalSection
EndGlobal
